
Microsoft Visual Studio Solution File, Format Version 12.00
# Visual Studio 14
VisualStudioVersion = 14.0.23107.0
MinimumVisualStudioVersion = 10.0.40219.1
Project("{FAE04EC0-301F-11D3-BF4B-00C04F79EFBC}") = "OpenDayApplication", "OpenDayApplication\OpenDayApplication.csproj", "{BB49082E-544B-412A-BD45-31F30C2CBE4B}"
EndProject
Project("{FAE04EC0-301F-11D3-BF4B-00C04F79EFBC}") = "MotoFitAcademyTests", "MotoFitAcademyTests\MotoFitAcademyTests.csproj", "{40249D9C-29BD-4BD5-9E6E-778B5D00F4D9}"
EndProject
Global
	GlobalSection(SolutionConfigurationPlatforms) = preSolution
		Debug|Any CPU = Debug|Any CPU
		Release|Any CPU = Release|Any CPU
	EndGlobalSection
	GlobalSection(ProjectConfigurationPlatforms) = postSolution
		{BB49082E-544B-412A-BD45-31F30C2CBE4B}.Debug|Any CPU.ActiveCfg = Debug|Any CPU
		{BB49082E-544B-412A-BD45-31F30C2CBE4B}.Debug|Any CPU.Build.0 = Debug|Any CPU
		{BB49082E-544B-412A-BD45-31F30C2CBE4B}.Release|Any CPU.ActiveCfg = Release|Any CPU
		{BB49082E-544B-412A-BD45-31F30C2CBE4B}.Release|Any CPU.Build.0 = Release|Any CPU
		{40249D9C-29BD-4BD5-9E6E-778B5D00F4D9}.Debug|Any CPU.ActiveCfg = Debug|Any CPU
		{40249D9C-29BD-4BD5-9E6E-778B5D00F4D9}.Debug|Any CPU.Build.0 = Debug|Any CPU
		{40249D9C-29BD-4BD5-9E6E-778B5D00F4D9}.Release|Any CPU.ActiveCfg = Release|Any CPU
		{40249D9C-29BD-4BD5-9E6E-778B5D00F4D9}.Release|Any CPU.Build.0 = Release|Any CPU
	EndGlobalSection
	GlobalSection(SolutionProperties) = preSolution
		HideSolutionNode = FALSE
	EndGlobalSection
EndGlobal
